
Microsoft Visual Studio Solution File, Format Version 12.00
Project("{FAE04EC0-301F-11D3-BF4B-00C04F79EFBC}") = "LearningCenter.API", "LearningCenter.API\LearningCenter.API.csproj", "{E7DBB39E-C31D-4AC8-A81B-4A7E7D5F9462}"
EndProject
Global
	GlobalSection(SolutionConfigurationPlatforms) = preSolution
		Debug|Any CPU = Debug|Any CPU
		Release|Any CPU = Release|Any CPU
	EndGlobalSection
	GlobalSection(ProjectConfigurationPlatforms) = postSolution
		{E7DBB39E-C31D-4AC8-A81B-4A7E7D5F9462}.Debug|Any CPU.ActiveCfg = Debug|Any CPU
		{E7DBB39E-C31D-4AC8-A81B-4A7E7D5F9462}.Debug|Any CPU.Build.0 = Debug|Any CPU
		{E7DBB39E-C31D-4AC8-A81B-4A7E7D5F9462}.Release|Any CPU.ActiveCfg = Release|Any CPU
		{E7DBB39E-C31D-4AC8-A81B-4A7E7D5F9462}.Release|Any CPU.Build.0 = Release|Any CPU
	EndGlobalSection
EndGlobal
